
Microsoft Visual Studio Solution File, Format Version 12.00
# Visual Studio 14
VisualStudioVersion = 14.0.25420.1
MinimumVisualStudioVersion = 10.0.40219.1
Project("{2150E333-8FDC-42A3-9474-1A3956D46DE8}") = "SolutionItems", "SolutionItems", "{9CD88399-90BB-41D7-A3EA-5C6AB778C0C2}"
	ProjectSection(SolutionItems) = preProject
		Solution.txt = Solution.txt
		twister.gpx.txt = twister.gpx.txt
	EndProjectSection
EndProject
Project("{2150E333-8FDC-42A3-9474-1A3956D46DE8}") = "Tests", "Tests", "{33E11DAF-DC19-4D49-A4B2-5BA0FFE4B30A}"
EndProject
Project("{FAE04EC0-301F-11D3-BF4B-00C04F79EFBC}") = "EnduroTrails.Model", "EnduroTrails.Model\EnduroTrails.Model.csproj", "{DE0310A5-16E1-4CD0-A9E7-4504B038F395}"
EndProject
Project("{FAE04EC0-301F-11D3-BF4B-00C04F79EFBC}") = "EnduroTrails.FileReader", "EnduroTrails.FileReader\EnduroTrails.FileReader.csproj", "{BDBAE5A3-4E13-4C1A-BAD9-3217D2113AC6}"
EndProject
Project("{FAE04EC0-301F-11D3-BF4B-00C04F79EFBC}") = "EnduroTrails.FileReaderTest", "EnduroTrails.FileReaderTest\EnduroTrails.FileReaderTest.csproj", "{E54B2C44-2623-4300-A0A9-103C5A25F5EC}"
EndProject
Project("{FAE04EC0-301F-11D3-BF4B-00C04F79EFBC}") = "EnduroTrails.Analizer", "EnduroTrails.Analizer\EnduroTrails.Analizer.csproj", "{2A26A0C7-5A0D-4F52-8EF9-D3C8F282471E}"
EndProject
Project("{FAE04EC0-301F-11D3-BF4B-00C04F79EFBC}") = "EnduroTrails.AnalizerTest", "EnduroTrails.AnalizerTest\EnduroTrails.AnalizerTest.csproj", "{864E7434-DEF7-4B12-9719-7915E111D3CF}"
EndProject
Global
	GlobalSection(SolutionConfigurationPlatforms) = preSolution
		Debug|Any CPU = Debug|Any CPU
		Release|Any CPU = Release|Any CPU
	EndGlobalSection
	GlobalSection(ProjectConfigurationPlatforms) = postSolution
		{DE0310A5-16E1-4CD0-A9E7-4504B038F395}.Debug|Any CPU.ActiveCfg = Debug|Any CPU
		{DE0310A5-16E1-4CD0-A9E7-4504B038F395}.Debug|Any CPU.Build.0 = Debug|Any CPU
		{DE0310A5-16E1-4CD0-A9E7-4504B038F395}.Release|Any CPU.ActiveCfg = Release|Any CPU
		{DE0310A5-16E1-4CD0-A9E7-4504B038F395}.Release|Any CPU.Build.0 = Release|Any CPU
		{BDBAE5A3-4E13-4C1A-BAD9-3217D2113AC6}.Debug|Any CPU.ActiveCfg = Debug|Any CPU
		{BDBAE5A3-4E13-4C1A-BAD9-3217D2113AC6}.Debug|Any CPU.Build.0 = Debug|Any CPU
		{BDBAE5A3-4E13-4C1A-BAD9-3217D2113AC6}.Release|Any CPU.ActiveCfg = Release|Any CPU
		{BDBAE5A3-4E13-4C1A-BAD9-3217D2113AC6}.Release|Any CPU.Build.0 = Release|Any CPU
		{E54B2C44-2623-4300-A0A9-103C5A25F5EC}.Debug|Any CPU.ActiveCfg = Debug|Any CPU
		{E54B2C44-2623-4300-A0A9-103C5A25F5EC}.Debug|Any CPU.Build.0 = Debug|Any CPU
		{E54B2C44-2623-4300-A0A9-103C5A25F5EC}.Release|Any CPU.ActiveCfg = Release|Any CPU
		{E54B2C44-2623-4300-A0A9-103C5A25F5EC}.Release|Any CPU.Build.0 = Release|Any CPU
		{2A26A0C7-5A0D-4F52-8EF9-D3C8F282471E}.Debug|Any CPU.ActiveCfg = Debug|Any CPU
		{2A26A0C7-5A0D-4F52-8EF9-D3C8F282471E}.Debug|Any CPU.Build.0 = Debug|Any CPU
		{2A26A0C7-5A0D-4F52-8EF9-D3C8F282471E}.Release|Any CPU.ActiveCfg = Release|Any CPU
		{2A26A0C7-5A0D-4F52-8EF9-D3C8F282471E}.Release|Any CPU.Build.0 = Release|Any CPU
		{864E7434-DEF7-4B12-9719-7915E111D3CF}.Debug|Any CPU.ActiveCfg = Debug|Any CPU
		{864E7434-DEF7-4B12-9719-7915E111D3CF}.Debug|Any CPU.Build.0 = Debug|Any CPU
		{864E7434-DEF7-4B12-9719-7915E111D3CF}.Release|Any CPU.ActiveCfg = Release|Any CPU
		{864E7434-DEF7-4B12-9719-7915E111D3CF}.Release|Any CPU.Build.0 = Release|Any CPU
	EndGlobalSection
	GlobalSection(SolutionProperties) = preSolution
		HideSolutionNode = FALSE
	EndGlobalSection
	GlobalSection(NestedProjects) = preSolution
		{E54B2C44-2623-4300-A0A9-103C5A25F5EC} = {33E11DAF-DC19-4D49-A4B2-5BA0FFE4B30A}
		{864E7434-DEF7-4B12-9719-7915E111D3CF} = {33E11DAF-DC19-4D49-A4B2-5BA0FFE4B30A}
	EndGlobalSection
EndGlobal
